
Microsoft Visual Studio Solution File, Format Version 12.00
# Visual Studio Version 16
VisualStudioVersion = 16.0.34729.46
MinimumVisualStudioVersion = 10.0.40219.1
Project("{2150E333-8FDC-42A3-9474-1A3956D46DE8}") = "1 Arrays - Lab", "1 Arrays - Lab", "{2188CE26-7C91-494A-B7CB-3929A923F81E}"
EndProject
Project("{FAE04EC0-301F-11D3-BF4B-00C04F79EFBC}") = "01.DayOfWeek", "01.DayOfWeek\01.DayOfWeek.csproj", "{E45C9130-8D74-4321-8CC4-D2144909B9BC}"
EndProject
Project("{FAE04EC0-301F-11D3-BF4B-00C04F79EFBC}") = "02.PrintNumbersInReverseOrder", "02.PrintNumbersInReverseOrder\02.PrintNumbersInReverseOrder.csproj", "{358F5F38-23BF-4ACF-BCAE-14E856EE42B3}"
EndProject
Project("{FAE04EC0-301F-11D3-BF4B-00C04F79EFBC}") = "03.RoundingNumbers", "03.RoundingNumbers\03.RoundingNumbers.csproj", "{FF3C28B1-CE88-4587-AA34-B1D0F74B6FB2}"
EndProject
Project("{FAE04EC0-301F-11D3-BF4B-00C04F79EFBC}") = "04.ReverseArrayOfStrings", "04.ReverseArrayOfStrings\04.ReverseArrayOfStrings.csproj", "{C4E09767-2C88-4A13-A99F-9365492B8931}"
EndProject
Project("{FAE04EC0-301F-11D3-BF4B-00C04F79EFBC}") = "05.SumEvenNumbers", "05.SumEvenNumbers\05.SumEvenNumbers.csproj", "{C8833628-4A21-4000-B6E3-0F4765015180}"
EndProject
Project("{FAE04EC0-301F-11D3-BF4B-00C04F79EFBC}") = "06.EvenAndOddSubtraction", "06.EvenAndOddSubtraction\06.EvenAndOddSubtraction.csproj", "{B86C3055-3027-4210-9831-A30FA20E3470}"
EndProject
Project("{FAE04EC0-301F-11D3-BF4B-00C04F79EFBC}") = "07.EqualArrays", "07.EqualArrays\07.EqualArrays.csproj", "{EFBE4EA5-3035-43E7-AADA-ECC4CBCD56A6}"
EndProject
Project("{FAE04EC0-301F-11D3-BF4B-00C04F79EFBC}") = "08.CondenseArrayToNumber", "08.CondenseArrayToNumber\08.CondenseArrayToNumber.csproj", "{7CDE7718-B914-41DD-B56B-FB30C776F5AC}"
EndProject
Project("{2150E333-8FDC-42A3-9474-1A3956D46DE8}") = "2 Arrays - Exercise", "2 Arrays - Exercise", "{3CA7E623-4FEF-4FCF-8F5B-9B19C3106678}"
EndProject
Project("{FAE04EC0-301F-11D3-BF4B-00C04F79EFBC}") = "01.Train", "01.Train\01.Train.csproj", "{718F1453-464D-471F-BD16-1CB30B4B0B78}"
EndProject
Project("{FAE04EC0-301F-11D3-BF4B-00C04F79EFBC}") = "02.CommonElements", "02.CommonElements\02.CommonElements.csproj", "{E65CFE32-FE1B-491D-81DE-29A4D889FAF4}"
EndProject
Project("{FAE04EC0-301F-11D3-BF4B-00C04F79EFBC}") = "03.Zig-ZagArrays", "03.Zig-ZagArrays\03.Zig-ZagArrays.csproj", "{10CA1471-0CD2-4393-B0DA-F9020CFFCE18}"
EndProject
Project("{FAE04EC0-301F-11D3-BF4B-00C04F79EFBC}") = "04.ArrayRotation", "04.ArrayRotation\04.ArrayRotation.csproj", "{3EED0E70-23AE-4362-85CE-B72B81B36C58}"
EndProject
Project("{FAE04EC0-301F-11D3-BF4B-00C04F79EFBC}") = "05.TopIntegers", "05.TopIntegers\05.TopIntegers.csproj", "{81233D45-EA90-40CF-80B7-BF7CABDBB429}"
EndProject
Project("{FAE04EC0-301F-11D3-BF4B-00C04F79EFBC}") = "06.EqualSum", "06.EqualSum\06.EqualSum.csproj", "{F42E2928-DF26-4015-8F8A-3B66B72175D2}"
EndProject
Project("{FAE04EC0-301F-11D3-BF4B-00C04F79EFBC}") = "07.MaxSequenceOfEqualElements", "07.MaxSequenceOfEqualElements\07.MaxSequenceOfEqualElements.csproj", "{9DB2E7D4-5BFE-4CE3-9373-B7414385FC29}"
EndProject
Project("{FAE04EC0-301F-11D3-BF4B-00C04F79EFBC}") = "08.MagicSum", "08.MagicSum\08.MagicSum.csproj", "{56F93B5E-9392-479C-9F05-DF557DC45284}"
EndProject
Project("{FAE04EC0-301F-11D3-BF4B-00C04F79EFBC}") = "08.MagicSum2", "08.MagicSum2\08.MagicSum2.csproj", "{3E2E3D3A-6AB1-46A6-B918-A429D0ABC965}"
EndProject
Project("{FAE04EC0-301F-11D3-BF4B-00C04F79EFBC}") = "09.KaminoFactory", "09.KaminoFactory\09.KaminoFactory.csproj", "{3D8B15EB-0640-48E7-B5C6-726B0564ABFC}"
EndProject
Project("{FAE04EC0-301F-11D3-BF4B-00C04F79EFBC}") = "09.KaminoFactory2", "09.KaminoFactory2\09.KaminoFactory2.csproj", "{AA890FDC-333B-4C92-BEC5-8F3942FAE2BA}"
EndProject
Project("{FAE04EC0-301F-11D3-BF4B-00C04F79EFBC}") = "10.LadyBugs", "10.LadyBugs\10.LadyBugs.csproj", "{5C55D3CB-5C37-4A95-8839-D3FC76FF9A4F}"
EndProject
Project("{2150E333-8FDC-42A3-9474-1A3956D46DE8}") = "3 Arrays - More Exercise", "3 Arrays - More Exercise", "{B113A3FA-521D-4653-A022-8817F7E7FC98}"
EndProject
Project("{FAE04EC0-301F-11D3-BF4B-00C04F79EFBC}") = "01.EncryptSortAndPrintArray", "01.EncryptSortAndPrintArray\01.EncryptSortAndPrintArray.csproj", "{17D620A6-1CDD-4EE5-8D5D-4C600B50FC93}"
EndProject
Project("{FAE04EC0-301F-11D3-BF4B-00C04F79EFBC}") = "10.LadyBugs2", "10.LadyBugs2\10.LadyBugs2.csproj", "{4A38C75D-185A-4978-BE2E-C2E2753D6AEE}"
EndProject
Project("{FAE04EC0-301F-11D3-BF4B-00C04F79EFBC}") = "02.PascalTriangle", "02.PascalTriangle\02.PascalTriangle.csproj", "{6A0E79F4-B5EB-4468-A057-5AF1386C2AA1}"
EndProject
Project("{FAE04EC0-301F-11D3-BF4B-00C04F79EFBC}") = "03.RecursiveFibonacci", "03.RecursiveFibonacci\03.RecursiveFibonacci.csproj", "{70824AC2-2E1D-44C6-AEDF-6764162D0541}"
EndProject
Project("{FAE04EC0-301F-11D3-BF4B-00C04F79EFBC}") = "03.RecursiveFibonacci2", "03.RecursiveFibonacci2\03.RecursiveFibonacci2.csproj", "{1B715981-4EB0-4F95-A34B-15CE89EB33B6}"
EndProject
Project("{FAE04EC0-301F-11D3-BF4B-00C04F79EFBC}") = "03.RecursiveFibonacci3", "03.RecursiveFibonacci3\03.RecursiveFibonacci3.csproj", "{85493FFF-FB46-43B0-BC4A-D5BB362CFB72}"
EndProject
Project("{FAE04EC0-301F-11D3-BF4B-00C04F79EFBC}") = "04.FoldAndSum", "04.FoldAndSum\04.FoldAndSum.csproj", "{90DA9497-4945-433D-953C-8894891DF80A}"
EndProject
Project("{FAE04EC0-301F-11D3-BF4B-00C04F79EFBC}") = "05.LongestIncreasingSubsequence", "05.LongestIncreasingSubsequence\05.LongestIncreasingSubsequence.csproj", "{4F4B38DF-2F71-4F66-A780-8789C781624C}"
EndProject
Project("{2150E333-8FDC-42A3-9474-1A3956D46DE8}") = "4 Methods - Lab", "4 Methods - Lab", "{90FD3DEA-CF2F-436B-8AD0-E8808191A185}"
EndProject
Project("{FAE04EC0-301F-11D3-BF4B-00C04F79EFBC}") = "01.SignOfIntegerNumbers", "01.SignOfIntegerNumbers\01.SignOfIntegerNumbers.csproj", "{2B250B9B-EABA-496D-8A5F-B225E33A3E17}"
EndProject
Project("{FAE04EC0-301F-11D3-BF4B-00C04F79EFBC}") = "02.Grades", "02.Grades\02.Grades.csproj", "{FAC6A71B-2D1C-4762-B528-95D6BBA51DCD}"
EndProject
Project("{FAE04EC0-301F-11D3-BF4B-00C04F79EFBC}") = "03.Calculations", "03.Calculations\03.Calculations.csproj", "{613A7255-BB53-4A7E-B5F4-2D5E802B3762}"
EndProject
Project("{FAE04EC0-301F-11D3-BF4B-00C04F79EFBC}") = "04.PrintingTriangle", "04.PrintingTriangle\04.PrintingTriangle.csproj", "{40662E53-3F15-4946-84E9-CF43CB0A3205}"
EndProject
Project("{FAE04EC0-301F-11D3-BF4B-00C04F79EFBC}") = "05.Orders", "05.Orders\05.Orders.csproj", "{C62386D7-A5A9-4797-B95A-C5BDB0DCA48F}"
EndProject
Project("{FAE04EC0-301F-11D3-BF4B-00C04F79EFBC}") = "06.CalculateRectangleArea", "06.CalculateRectangleArea\06.CalculateRectangleArea.csproj", "{792C3947-EAF2-4F96-9C28-F1A5311D4DBF}"
EndProject
Project("{FAE04EC0-301F-11D3-BF4B-00C04F79EFBC}") = "07.RepeatString", "07.RepeatString\07.RepeatString.csproj", "{26441983-B6A5-4ABB-8752-D1B001CEB560}"
EndProject
Project("{FAE04EC0-301F-11D3-BF4B-00C04F79EFBC}") = "08.MathPower", "08.MathPower\08.MathPower.csproj", "{CC407A33-A346-4C28-90A0-D67C91BE0CD2}"
EndProject
Project("{FAE04EC0-301F-11D3-BF4B-00C04F79EFBC}") = "09.GreaterOfTwoValues", "09.GreaterOfTwoValues\09.GreaterOfTwoValues.csproj", "{307C53EA-1EC0-40C8-895D-D40F75CC0282}"
EndProject
Project("{FAE04EC0-301F-11D3-BF4B-00C04F79EFBC}") = "10.MultiplyEvensByOdds", "10.MultiplyEvensByOdds\10.MultiplyEvensByOdds.csproj", "{2E1D26A1-FCC7-4345-B3E3-037661E29B4C}"
EndProject
Project("{FAE04EC0-301F-11D3-BF4B-00C04F79EFBC}") = "09.GreaterOfTwoValues2", "9.GreaterOfTwoValues2\09.GreaterOfTwoValues2.csproj", "{DAEC8C37-2CC0-4A90-BDA6-D6C830D7A9A3}"
EndProject
Project("{FAE04EC0-301F-11D3-BF4B-00C04F79EFBC}") = "11.MathOperations", "11.MathOperations\11.MathOperations.csproj", "{815EE71C-0FAC-47A1-9729-DF20706395E4}"
EndProject
Project("{2150E333-8FDC-42A3-9474-1A3956D46DE8}") = "5 Methods - Exercise", "5 Methods - Exercise", "{03AFC4DD-D861-4997-931B-D8519CB75B10}"
EndProject
Project("{FAE04EC0-301F-11D3-BF4B-00C04F79EFBC}") = "01.SmallestOfThreeNumbers", "01.SmallestOfThreeNumbers\01.SmallestOfThreeNumbers.csproj", "{D72F506F-8893-4154-9BB8-FD66715EAB31}"
EndProject
Project("{FAE04EC0-301F-11D3-BF4B-00C04F79EFBC}") = "02.VowelsCount", "02.VowelsCount\02.VowelsCount.csproj", "{38DEF2A9-9749-4084-84C1-DF005E2912ED}"
EndProject
Project("{FAE04EC0-301F-11D3-BF4B-00C04F79EFBC}") = "03.CharactersInRange", "03.CharactersInRange\03.CharactersInRange.csproj", "{F762A6BC-188B-433E-9B83-A5324FDC8410}"
EndProject
Project("{FAE04EC0-301F-11D3-BF4B-00C04F79EFBC}") = "04.PasswordValidator", "04.PasswordValidator\04.PasswordValidator.csproj", "{BF61ED12-8657-45EF-87BD-90EF5362DAA6}"
EndProject
Project("{FAE04EC0-301F-11D3-BF4B-00C04F79EFBC}") = "05.AddAndSubtract", "05.AddAndSubtract\05.AddAndSubtract.csproj", "{C433D5E9-AA39-4608-BDB8-6AB7AA6BB262}"
EndProject
Project("{FAE04EC0-301F-11D3-BF4B-00C04F79EFBC}") = "06.MiddleCharacters", "06.MiddleCharacters\06.MiddleCharacters.csproj", "{EB254EEB-BD69-4109-95C1-A62EDDD5DCA2}"
EndProject
Project("{FAE04EC0-301F-11D3-BF4B-00C04F79EFBC}") = "07.NxNMatrix", "07.NxNMatrix\07.NxNMatrix.csproj", "{C4025B49-33E1-40EE-9273-16CBE07E9962}"
EndProject
Project("{FAE04EC0-301F-11D3-BF4B-00C04F79EFBC}") = "08.FactorialDivision", "8.FactorialDivision\08.FactorialDivision.csproj", "{045ADB72-81E0-465B-86E1-6E84FDFD1653}"
EndProject
Global
	GlobalSection(SolutionConfigurationPlatforms) = preSolution
		Debug|Any CPU = Debug|Any CPU
		Release|Any CPU = Release|Any CPU
	EndGlobalSection
	GlobalSection(ProjectConfigurationPlatforms) = postSolution
		{E45C9130-8D74-4321-8CC4-D2144909B9BC}.Debug|Any CPU.ActiveCfg = Debug|Any CPU
		{E45C9130-8D74-4321-8CC4-D2144909B9BC}.Debug|Any CPU.Build.0 = Debug|Any CPU
		{E45C9130-8D74-4321-8CC4-D2144909B9BC}.Release|Any CPU.ActiveCfg = Release|Any CPU
		{E45C9130-8D74-4321-8CC4-D2144909B9BC}.Release|Any CPU.Build.0 = Release|Any CPU
		{358F5F38-23BF-4ACF-BCAE-14E856EE42B3}.Debug|Any CPU.ActiveCfg = Debug|Any CPU
		{358F5F38-23BF-4ACF-BCAE-14E856EE42B3}.Debug|Any CPU.Build.0 = Debug|Any CPU
		{358F5F38-23BF-4ACF-BCAE-14E856EE42B3}.Release|Any CPU.ActiveCfg = Release|Any CPU
		{358F5F38-23BF-4ACF-BCAE-14E856EE42B3}.Release|Any CPU.Build.0 = Release|Any CPU
		{FF3C28B1-CE88-4587-AA34-B1D0F74B6FB2}.Debug|Any CPU.ActiveCfg = Debug|Any CPU
		{FF3C28B1-CE88-4587-AA34-B1D0F74B6FB2}.Debug|Any CPU.Build.0 = Debug|Any CPU
		{FF3C28B1-CE88-4587-AA34-B1D0F74B6FB2}.Release|Any CPU.ActiveCfg = Release|Any CPU
		{FF3C28B1-CE88-4587-AA34-B1D0F74B6FB2}.Release|Any CPU.Build.0 = Release|Any CPU
		{C4E09767-2C88-4A13-A99F-9365492B8931}.Debug|Any CPU.ActiveCfg = Debug|Any CPU
		{C4E09767-2C88-4A13-A99F-9365492B8931}.Debug|Any CPU.Build.0 = Debug|Any CPU
		{C4E09767-2C88-4A13-A99F-9365492B8931}.Release|Any CPU.ActiveCfg = Release|Any CPU
		{C4E09767-2C88-4A13-A99F-9365492B8931}.Release|Any CPU.Build.0 = Release|Any CPU
		{C8833628-4A21-4000-B6E3-0F4765015180}.Debug|Any CPU.ActiveCfg = Debug|Any CPU
		{C8833628-4A21-4000-B6E3-0F4765015180}.Debug|Any CPU.Build.0 = Debug|Any CPU
		{C8833628-4A21-4000-B6E3-0F4765015180}.Release|Any CPU.ActiveCfg = Release|Any CPU
		{C8833628-4A21-4000-B6E3-0F4765015180}.Release|Any CPU.Build.0 = Release|Any CPU
		{B86C3055-3027-4210-9831-A30FA20E3470}.Debug|Any CPU.ActiveCfg = Debug|Any CPU
		{B86C3055-3027-4210-9831-A30FA20E3470}.Debug|Any CPU.Build.0 = Debug|Any CPU
		{B86C3055-3027-4210-9831-A30FA20E3470}.Release|Any CPU.ActiveCfg = Release|Any CPU
		{B86C3055-3027-4210-9831-A30FA20E3470}.Release|Any CPU.Build.0 = Release|Any CPU
		{EFBE4EA5-3035-43E7-AADA-ECC4CBCD56A6}.Debug|Any CPU.ActiveCfg = Debug|Any CPU
		{EFBE4EA5-3035-43E7-AADA-ECC4CBCD56A6}.Debug|Any CPU.Build.0 = Debug|Any CPU
		{EFBE4EA5-3035-43E7-AADA-ECC4CBCD56A6}.Release|Any CPU.ActiveCfg = Release|Any CPU
		{EFBE4EA5-3035-43E7-AADA-ECC4CBCD56A6}.Release|Any CPU.Build.0 = Release|Any CPU
		{7CDE7718-B914-41DD-B56B-FB30C776F5AC}.Debug|Any CPU.ActiveCfg = Debug|Any CPU
		{7CDE7718-B914-41DD-B56B-FB30C776F5AC}.Debug|Any CPU.Build.0 = Debug|Any CPU
		{7CDE7718-B914-41DD-B56B-FB30C776F5AC}.Release|Any CPU.ActiveCfg = Release|Any CPU
		{7CDE7718-B914-41DD-B56B-FB30C776F5AC}.Release|Any CPU.Build.0 = Release|Any CPU
		{718F1453-464D-471F-BD16-1CB30B4B0B78}.Debug|Any CPU.ActiveCfg = Debug|Any CPU
		{718F1453-464D-471F-BD16-1CB30B4B0B78}.Debug|Any CPU.Build.0 = Debug|Any CPU
		{718F1453-464D-471F-BD16-1CB30B4B0B78}.Release|Any CPU.ActiveCfg = Release|Any CPU
		{718F1453-464D-471F-BD16-1CB30B4B0B78}.Release|Any CPU.Build.0 = Release|Any CPU
		{E65CFE32-FE1B-491D-81DE-29A4D889FAF4}.Debug|Any CPU.ActiveCfg = Debug|Any CPU
		{E65CFE32-FE1B-491D-81DE-29A4D889FAF4}.Debug|Any CPU.Build.0 = Debug|Any CPU
		{E65CFE32-FE1B-491D-81DE-29A4D889FAF4}.Release|Any CPU.ActiveCfg = Release|Any CPU
		{E65CFE32-FE1B-491D-81DE-29A4D889FAF4}.Release|Any CPU.Build.0 = Release|Any CPU
		{10CA1471-0CD2-4393-B0DA-F9020CFFCE18}.Debug|Any CPU.ActiveCfg = Debug|Any CPU
		{10CA1471-0CD2-4393-B0DA-F9020CFFCE18}.Debug|Any CPU.Build.0 = Debug|Any CPU
		{10CA1471-0CD2-4393-B0DA-F9020CFFCE18}.Release|Any CPU.ActiveCfg = Release|Any CPU
		{10CA1471-0CD2-4393-B0DA-F9020CFFCE18}.Release|Any CPU.Build.0 = Release|Any CPU
		{3EED0E70-23AE-4362-85CE-B72B81B36C58}.Debug|Any CPU.ActiveCfg = Debug|Any CPU
		{3EED0E70-23AE-4362-85CE-B72B81B36C58}.Debug|Any CPU.Build.0 = Debug|Any CPU
		{3EED0E70-23AE-4362-85CE-B72B81B36C58}.Release|Any CPU.ActiveCfg = Release|Any CPU
		{3EED0E70-23AE-4362-85CE-B72B81B36C58}.Release|Any CPU.Build.0 = Release|Any CPU
		{81233D45-EA90-40CF-80B7-BF7CABDBB429}.Debug|Any CPU.ActiveCfg = Debug|Any CPU
		{81233D45-EA90-40CF-80B7-BF7CABDBB429}.Debug|Any CPU.Build.0 = Debug|Any CPU
		{81233D45-EA90-40CF-80B7-BF7CABDBB429}.Release|Any CPU.ActiveCfg = Release|Any CPU
		{81233D45-EA90-40CF-80B7-BF7CABDBB429}.Release|Any CPU.Build.0 = Release|Any CPU
		{F42E2928-DF26-4015-8F8A-3B66B72175D2}.Debug|Any CPU.ActiveCfg = Debug|Any CPU
		{F42E2928-DF26-4015-8F8A-3B66B72175D2}.Debug|Any CPU.Build.0 = Debug|Any CPU
		{F42E2928-DF26-4015-8F8A-3B66B72175D2}.Release|Any CPU.ActiveCfg = Release|Any CPU
		{F42E2928-DF26-4015-8F8A-3B66B72175D2}.Release|Any CPU.Build.0 = Release|Any CPU
		{9DB2E7D4-5BFE-4CE3-9373-B7414385FC29}.Debug|Any CPU.ActiveCfg = Debug|Any CPU
		{9DB2E7D4-5BFE-4CE3-9373-B7414385FC29}.Debug|Any CPU.Build.0 = Debug|Any CPU
		{9DB2E7D4-5BFE-4CE3-9373-B7414385FC29}.Release|Any CPU.ActiveCfg = Release|Any CPU
		{9DB2E7D4-5BFE-4CE3-9373-B7414385FC29}.Release|Any CPU.Build.0 = Release|Any CPU
		{56F93B5E-9392-479C-9F05-DF557DC45284}.Debug|Any CPU.ActiveCfg = Debug|Any CPU
		{56F93B5E-9392-479C-9F05-DF557DC45284}.Debug|Any CPU.Build.0 = Debug|Any CPU
		{56F93B5E-9392-479C-9F05-DF557DC45284}.Release|Any CPU.ActiveCfg = Release|Any CPU
		{56F93B5E-9392-479C-9F05-DF557DC45284}.Release|Any CPU.Build.0 = Release|Any CPU
		{3E2E3D3A-6AB1-46A6-B918-A429D0ABC965}.Debug|Any CPU.ActiveCfg = Debug|Any CPU
		{3E2E3D3A-6AB1-46A6-B918-A429D0ABC965}.Debug|Any CPU.Build.0 = Debug|Any CPU
		{3E2E3D3A-6AB1-46A6-B918-A429D0ABC965}.Release|Any CPU.ActiveCfg = Release|Any CPU
		{3E2E3D3A-6AB1-46A6-B918-A429D0ABC965}.Release|Any CPU.Build.0 = Release|Any CPU
		{3D8B15EB-0640-48E7-B5C6-726B0564ABFC}.Debug|Any CPU.ActiveCfg = Debug|Any CPU
		{3D8B15EB-0640-48E7-B5C6-726B0564ABFC}.Debug|Any CPU.Build.0 = Debug|Any CPU
		{3D8B15EB-0640-48E7-B5C6-726B0564ABFC}.Release|Any CPU.ActiveCfg = Release|Any CPU
		{3D8B15EB-0640-48E7-B5C6-726B0564ABFC}.Release|Any CPU.Build.0 = Release|Any CPU
		{AA890FDC-333B-4C92-BEC5-8F3942FAE2BA}.Debug|Any CPU.ActiveCfg = Debug|Any CPU
		{AA890FDC-333B-4C92-BEC5-8F3942FAE2BA}.Debug|Any CPU.Build.0 = Debug|Any CPU
		{AA890FDC-333B-4C92-BEC5-8F3942FAE2BA}.Release|Any CPU.ActiveCfg = Release|Any CPU
		{AA890FDC-333B-4C92-BEC5-8F3942FAE2BA}.Release|Any CPU.Build.0 = Release|Any CPU
		{5C55D3CB-5C37-4A95-8839-D3FC76FF9A4F}.Debug|Any CPU.ActiveCfg = Debug|Any CPU
		{5C55D3CB-5C37-4A95-8839-D3FC76FF9A4F}.Debug|Any CPU.Build.0 = Debug|Any CPU
		{5C55D3CB-5C37-4A95-8839-D3FC76FF9A4F}.Release|Any CPU.ActiveCfg = Release|Any CPU
		{5C55D3CB-5C37-4A95-8839-D3FC76FF9A4F}.Release|Any CPU.Build.0 = Release|Any CPU
		{17D620A6-1CDD-4EE5-8D5D-4C600B50FC93}.Debug|Any CPU.ActiveCfg = Debug|Any CPU
		{17D620A6-1CDD-4EE5-8D5D-4C600B50FC93}.Debug|Any CPU.Build.0 = Debug|Any CPU
		{17D620A6-1CDD-4EE5-8D5D-4C600B50FC93}.Release|Any CPU.ActiveCfg = Release|Any CPU
		{17D620A6-1CDD-4EE5-8D5D-4C600B50FC93}.Release|Any CPU.Build.0 = Release|Any CPU
		{4A38C75D-185A-4978-BE2E-C2E2753D6AEE}.Debug|Any CPU.ActiveCfg = Debug|Any CPU
		{4A38C75D-185A-4978-BE2E-C2E2753D6AEE}.Debug|Any CPU.Build.0 = Debug|Any CPU
		{4A38C75D-185A-4978-BE2E-C2E2753D6AEE}.Release|Any CPU.ActiveCfg = Release|Any CPU
		{4A38C75D-185A-4978-BE2E-C2E2753D6AEE}.Release|Any CPU.Build.0 = Release|Any CPU
		{6A0E79F4-B5EB-4468-A057-5AF1386C2AA1}.Debug|Any CPU.ActiveCfg = Debug|Any CPU
		{6A0E79F4-B5EB-4468-A057-5AF1386C2AA1}.Debug|Any CPU.Build.0 = Debug|Any CPU
		{6A0E79F4-B5EB-4468-A057-5AF1386C2AA1}.Release|Any CPU.ActiveCfg = Release|Any CPU
		{6A0E79F4-B5EB-4468-A057-5AF1386C2AA1}.Release|Any CPU.Build.0 = Release|Any CPU
		{70824AC2-2E1D-44C6-AEDF-6764162D0541}.Debug|Any CPU.ActiveCfg = Debug|Any CPU
		{70824AC2-2E1D-44C6-AEDF-6764162D0541}.Debug|Any CPU.Build.0 = Debug|Any CPU
		{70824AC2-2E1D-44C6-AEDF-6764162D0541}.Release|Any CPU.ActiveCfg = Release|Any CPU
		{70824AC2-2E1D-44C6-AEDF-6764162D0541}.Release|Any CPU.Build.0 = Release|Any CPU
		{1B715981-4EB0-4F95-A34B-15CE89EB33B6}.Debug|Any CPU.ActiveCfg = Debug|Any CPU
		{1B715981-4EB0-4F95-A34B-15CE89EB33B6}.Debug|Any CPU.Build.0 = Debug|Any CPU
		{1B715981-4EB0-4F95-A34B-15CE89EB33B6}.Release|Any CPU.ActiveCfg = Release|Any CPU
		{1B715981-4EB0-4F95-A34B-15CE89EB33B6}.Release|Any CPU.Build.0 = Release|Any CPU
		{85493FFF-FB46-43B0-BC4A-D5BB362CFB72}.Debug|Any CPU.ActiveCfg = Debug|Any CPU
		{85493FFF-FB46-43B0-BC4A-D5BB362CFB72}.Debug|Any CPU.Build.0 = Debug|Any CPU
		{85493FFF-FB46-43B0-BC4A-D5BB362CFB72}.Release|Any CPU.ActiveCfg = Release|Any CPU
		{85493FFF-FB46-43B0-BC4A-D5BB362CFB72}.Release|Any CPU.Build.0 = Release|Any CPU
		{90DA9497-4945-433D-953C-8894891DF80A}.Debug|Any CPU.ActiveCfg = Debug|Any CPU
		{90DA9497-4945-433D-953C-8894891DF80A}.Debug|Any CPU.Build.0 = Debug|Any CPU
		{90DA9497-4945-433D-953C-8894891DF80A}.Release|Any CPU.ActiveCfg = Release|Any CPU
		{90DA9497-4945-433D-953C-8894891DF80A}.Release|Any CPU.Build.0 = Release|Any CPU
		{4F4B38DF-2F71-4F66-A780-8789C781624C}.Debug|Any CPU.ActiveCfg = Debug|Any CPU
		{4F4B38DF-2F71-4F66-A780-8789C781624C}.Debug|Any CPU.Build.0 = Debug|Any CPU
		{4F4B38DF-2F71-4F66-A780-8789C781624C}.Release|Any CPU.ActiveCfg = Release|Any CPU
		{4F4B38DF-2F71-4F66-A780-8789C781624C}.Release|Any CPU.Build.0 = Release|Any CPU
		{2B250B9B-EABA-496D-8A5F-B225E33A3E17}.Debug|Any CPU.ActiveCfg = Debug|Any CPU
		{2B250B9B-EABA-496D-8A5F-B225E33A3E17}.Debug|Any CPU.Build.0 = Debug|Any CPU
		{2B250B9B-EABA-496D-8A5F-B225E33A3E17}.Release|Any CPU.ActiveCfg = Release|Any CPU
		{2B250B9B-EABA-496D-8A5F-B225E33A3E17}.Release|Any CPU.Build.0 = Release|Any CPU
		{FAC6A71B-2D1C-4762-B528-95D6BBA51DCD}.Debug|Any CPU.ActiveCfg = Debug|Any CPU
		{FAC6A71B-2D1C-4762-B528-95D6BBA51DCD}.Debug|Any CPU.Build.0 = Debug|Any CPU
		{FAC6A71B-2D1C-4762-B528-95D6BBA51DCD}.Release|Any CPU.ActiveCfg = Release|Any CPU
		{FAC6A71B-2D1C-4762-B528-95D6BBA51DCD}.Release|Any CPU.Build.0 = Release|Any CPU
		{613A7255-BB53-4A7E-B5F4-2D5E802B3762}.Debug|Any CPU.ActiveCfg = Debug|Any CPU
		{613A7255-BB53-4A7E-B5F4-2D5E802B3762}.Debug|Any CPU.Build.0 = Debug|Any CPU
		{613A7255-BB53-4A7E-B5F4-2D5E802B3762}.Release|Any CPU.ActiveCfg = Release|Any CPU
		{613A7255-BB53-4A7E-B5F4-2D5E802B3762}.Release|Any CPU.Build.0 = Release|Any CPU
		{40662E53-3F15-4946-84E9-CF43CB0A3205}.Debug|Any CPU.ActiveCfg = Debug|Any CPU
		{40662E53-3F15-4946-84E9-CF43CB0A3205}.Debug|Any CPU.Build.0 = Debug|Any CPU
		{40662E53-3F15-4946-84E9-CF43CB0A3205}.Release|Any CPU.ActiveCfg = Release|Any CPU
		{40662E53-3F15-4946-84E9-CF43CB0A3205}.Release|Any CPU.Build.0 = Release|Any CPU
		{C62386D7-A5A9-4797-B95A-C5BDB0DCA48F}.Debug|Any CPU.ActiveCfg = Debug|Any CPU
		{C62386D7-A5A9-4797-B95A-C5BDB0DCA48F}.Debug|Any CPU.Build.0 = Debug|Any CPU
		{C62386D7-A5A9-4797-B95A-C5BDB0DCA48F}.Release|Any CPU.ActiveCfg = Release|Any CPU
		{C62386D7-A5A9-4797-B95A-C5BDB0DCA48F}.Release|Any CPU.Build.0 = Release|Any CPU
		{792C3947-EAF2-4F96-9C28-F1A5311D4DBF}.Debug|Any CPU.ActiveCfg = Debug|Any CPU
		{792C3947-EAF2-4F96-9C28-F1A5311D4DBF}.Debug|Any CPU.Build.0 = Debug|Any CPU
		{792C3947-EAF2-4F96-9C28-F1A5311D4DBF}.Release|Any CPU.ActiveCfg = Release|Any CPU
		{792C3947-EAF2-4F96-9C28-F1A5311D4DBF}.Release|Any CPU.Build.0 = Release|Any CPU
		{26441983-B6A5-4ABB-8752-D1B001CEB560}.Debug|Any CPU.ActiveCfg = Debug|Any CPU
		{26441983-B6A5-4ABB-8752-D1B001CEB560}.Debug|Any CPU.Build.0 = Debug|Any CPU
		{26441983-B6A5-4ABB-8752-D1B001CEB560}.Release|Any CPU.ActiveCfg = Release|Any CPU
		{26441983-B6A5-4ABB-8752-D1B001CEB560}.Release|Any CPU.Build.0 = Release|Any CPU
		{CC407A33-A346-4C28-90A0-D67C91BE0CD2}.Debug|Any CPU.ActiveCfg = Debug|Any CPU
		{CC407A33-A346-4C28-90A0-D67C91BE0CD2}.Debug|Any CPU.Build.0 = Debug|Any CPU
		{CC407A33-A346-4C28-90A0-D67C91BE0CD2}.Release|Any CPU.ActiveCfg = Release|Any CPU
		{CC407A33-A346-4C28-90A0-D67C91BE0CD2}.Release|Any CPU.Build.0 = Release|Any CPU
		{307C53EA-1EC0-40C8-895D-D40F75CC0282}.Debug|Any CPU.ActiveCfg = Debug|Any CPU
		{307C53EA-1EC0-40C8-895D-D40F75CC0282}.Debug|Any CPU.Build.0 = Debug|Any CPU
		{307C53EA-1EC0-40C8-895D-D40F75CC0282}.Release|Any CPU.ActiveCfg = Release|Any CPU
		{307C53EA-1EC0-40C8-895D-D40F75CC0282}.Release|Any CPU.Build.0 = Release|Any CPU
		{2E1D26A1-FCC7-4345-B3E3-037661E29B4C}.Debug|Any CPU.ActiveCfg = Debug|Any CPU
		{2E1D26A1-FCC7-4345-B3E3-037661E29B4C}.Debug|Any CPU.Build.0 = Debug|Any CPU
		{2E1D26A1-FCC7-4345-B3E3-037661E29B4C}.Release|Any CPU.ActiveCfg = Release|Any CPU
		{2E1D26A1-FCC7-4345-B3E3-037661E29B4C}.Release|Any CPU.Build.0 = Release|Any CPU
		{DAEC8C37-2CC0-4A90-BDA6-D6C830D7A9A3}.Debug|Any CPU.ActiveCfg = Debug|Any CPU
		{DAEC8C37-2CC0-4A90-BDA6-D6C830D7A9A3}.Debug|Any CPU.Build.0 = Debug|Any CPU
		{DAEC8C37-2CC0-4A90-BDA6-D6C830D7A9A3}.Release|Any CPU.ActiveCfg = Release|Any CPU
		{DAEC8C37-2CC0-4A90-BDA6-D6C830D7A9A3}.Release|Any CPU.Build.0 = Release|Any CPU
		{815EE71C-0FAC-47A1-9729-DF20706395E4}.Debug|Any CPU.ActiveCfg = Debug|Any CPU
		{815EE71C-0FAC-47A1-9729-DF20706395E4}.Debug|Any CPU.Build.0 = Debug|Any CPU
		{815EE71C-0FAC-47A1-9729-DF20706395E4}.Release|Any CPU.ActiveCfg = Release|Any CPU
		{815EE71C-0FAC-47A1-9729-DF20706395E4}.Release|Any CPU.Build.0 = Release|Any CPU
		{D72F506F-8893-4154-9BB8-FD66715EAB31}.Debug|Any CPU.ActiveCfg = Debug|Any CPU
		{D72F506F-8893-4154-9BB8-FD66715EAB31}.Debug|Any CPU.Build.0 = Debug|Any CPU
		{D72F506F-8893-4154-9BB8-FD66715EAB31}.Release|Any CPU.ActiveCfg = Release|Any CPU
		{D72F506F-8893-4154-9BB8-FD66715EAB31}.Release|Any CPU.Build.0 = Release|Any CPU
		{38DEF2A9-9749-4084-84C1-DF005E2912ED}.Debug|Any CPU.ActiveCfg = Debug|Any CPU
		{38DEF2A9-9749-4084-84C1-DF005E2912ED}.Debug|Any CPU.Build.0 = Debug|Any CPU
		{38DEF2A9-9749-4084-84C1-DF005E2912ED}.Release|Any CPU.ActiveCfg = Release|Any CPU
		{38DEF2A9-9749-4084-84C1-DF005E2912ED}.Release|Any CPU.Build.0 = Release|Any CPU
		{F762A6BC-188B-433E-9B83-A5324FDC8410}.Debug|Any CPU.ActiveCfg = Debug|Any CPU
		{F762A6BC-188B-433E-9B83-A5324FDC8410}.Debug|Any CPU.Build.0 = Debug|Any CPU
		{F762A6BC-188B-433E-9B83-A5324FDC8410}.Release|Any CPU.ActiveCfg = Release|Any CPU
		{F762A6BC-188B-433E-9B83-A5324FDC8410}.Release|Any CPU.Build.0 = Release|Any CPU
		{BF61ED12-8657-45EF-87BD-90EF5362DAA6}.Debug|Any CPU.ActiveCfg = Debug|Any CPU
		{BF61ED12-8657-45EF-87BD-90EF5362DAA6}.Debug|Any CPU.Build.0 = Debug|Any CPU
		{BF61ED12-8657-45EF-87BD-90EF5362DAA6}.Release|Any CPU.ActiveCfg = Release|Any CPU
		{BF61ED12-8657-45EF-87BD-90EF5362DAA6}.Release|Any CPU.Build.0 = Release|Any CPU
		{C433D5E9-AA39-4608-BDB8-6AB7AA6BB262}.Debug|Any CPU.ActiveCfg = Debug|Any CPU
		{C433D5E9-AA39-4608-BDB8-6AB7AA6BB262}.Debug|Any CPU.Build.0 = Debug|Any CPU
		{C433D5E9-AA39-4608-BDB8-6AB7AA6BB262}.Release|Any CPU.ActiveCfg = Release|Any CPU
		{C433D5E9-AA39-4608-BDB8-6AB7AA6BB262}.Release|Any CPU.Build.0 = Release|Any CPU
		{EB254EEB-BD69-4109-95C1-A62EDDD5DCA2}.Debug|Any CPU.ActiveCfg = Debug|Any CPU
		{EB254EEB-BD69-4109-95C1-A62EDDD5DCA2}.Debug|Any CPU.Build.0 = Debug|Any CPU
		{EB254EEB-BD69-4109-95C1-A62EDDD5DCA2}.Release|Any CPU.ActiveCfg = Release|Any CPU
		{EB254EEB-BD69-4109-95C1-A62EDDD5DCA2}.Release|Any CPU.Build.0 = Release|Any CPU
		{C4025B49-33E1-40EE-9273-16CBE07E9962}.Debug|Any CPU.ActiveCfg = Debug|Any CPU
		{C4025B49-33E1-40EE-9273-16CBE07E9962}.Debug|Any CPU.Build.0 = Debug|Any CPU
		{C4025B49-33E1-40EE-9273-16CBE07E9962}.Release|Any CPU.ActiveCfg = Release|Any CPU
		{C4025B49-33E1-40EE-9273-16CBE07E9962}.Release|Any CPU.Build.0 = Release|Any CPU
		{045ADB72-81E0-465B-86E1-6E84FDFD1653}.Debug|Any CPU.ActiveCfg = Debug|Any CPU
		{045ADB72-81E0-465B-86E1-6E84FDFD1653}.Debug|Any CPU.Build.0 = Debug|Any CPU
		{045ADB72-81E0-465B-86E1-6E84FDFD1653}.Release|Any CPU.ActiveCfg = Release|Any CPU
		{045ADB72-81E0-465B-86E1-6E84FDFD1653}.Release|Any CPU.Build.0 = Release|Any CPU
	EndGlobalSection
	GlobalSection(SolutionProperties) = preSolution
		HideSolutionNode = FALSE
	EndGlobalSection
	GlobalSection(NestedProjects) = preSolution
		{E45C9130-8D74-4321-8CC4-D2144909B9BC} = {2188CE26-7C91-494A-B7CB-3929A923F81E}
		{358F5F38-23BF-4ACF-BCAE-14E856EE42B3} = {2188CE26-7C91-494A-B7CB-3929A923F81E}
		{FF3C28B1-CE88-4587-AA34-B1D0F74B6FB2} = {2188CE26-7C91-494A-B7CB-3929A923F81E}
		{C4E09767-2C88-4A13-A99F-9365492B8931} = {2188CE26-7C91-494A-B7CB-3929A923F81E}
		{C8833628-4A21-4000-B6E3-0F4765015180} = {2188CE26-7C91-494A-B7CB-3929A923F81E}
		{B86C3055-3027-4210-9831-A30FA20E3470} = {2188CE26-7C91-494A-B7CB-3929A923F81E}
		{EFBE4EA5-3035-43E7-AADA-ECC4CBCD56A6} = {2188CE26-7C91-494A-B7CB-3929A923F81E}
		{7CDE7718-B914-41DD-B56B-FB30C776F5AC} = {2188CE26-7C91-494A-B7CB-3929A923F81E}
		{718F1453-464D-471F-BD16-1CB30B4B0B78} = {3CA7E623-4FEF-4FCF-8F5B-9B19C3106678}
		{E65CFE32-FE1B-491D-81DE-29A4D889FAF4} = {3CA7E623-4FEF-4FCF-8F5B-9B19C3106678}
		{10CA1471-0CD2-4393-B0DA-F9020CFFCE18} = {3CA7E623-4FEF-4FCF-8F5B-9B19C3106678}
		{3EED0E70-23AE-4362-85CE-B72B81B36C58} = {3CA7E623-4FEF-4FCF-8F5B-9B19C3106678}
		{81233D45-EA90-40CF-80B7-BF7CABDBB429} = {3CA7E623-4FEF-4FCF-8F5B-9B19C3106678}
		{F42E2928-DF26-4015-8F8A-3B66B72175D2} = {3CA7E623-4FEF-4FCF-8F5B-9B19C3106678}
		{9DB2E7D4-5BFE-4CE3-9373-B7414385FC29} = {3CA7E623-4FEF-4FCF-8F5B-9B19C3106678}
		{56F93B5E-9392-479C-9F05-DF557DC45284} = {3CA7E623-4FEF-4FCF-8F5B-9B19C3106678}
		{3E2E3D3A-6AB1-46A6-B918-A429D0ABC965} = {3CA7E623-4FEF-4FCF-8F5B-9B19C3106678}
		{3D8B15EB-0640-48E7-B5C6-726B0564ABFC} = {3CA7E623-4FEF-4FCF-8F5B-9B19C3106678}
		{AA890FDC-333B-4C92-BEC5-8F3942FAE2BA} = {3CA7E623-4FEF-4FCF-8F5B-9B19C3106678}
		{5C55D3CB-5C37-4A95-8839-D3FC76FF9A4F} = {3CA7E623-4FEF-4FCF-8F5B-9B19C3106678}
		{17D620A6-1CDD-4EE5-8D5D-4C600B50FC93} = {B113A3FA-521D-4653-A022-8817F7E7FC98}
		{4A38C75D-185A-4978-BE2E-C2E2753D6AEE} = {3CA7E623-4FEF-4FCF-8F5B-9B19C3106678}
		{6A0E79F4-B5EB-4468-A057-5AF1386C2AA1} = {B113A3FA-521D-4653-A022-8817F7E7FC98}
		{70824AC2-2E1D-44C6-AEDF-6764162D0541} = {B113A3FA-521D-4653-A022-8817F7E7FC98}
		{1B715981-4EB0-4F95-A34B-15CE89EB33B6} = {B113A3FA-521D-4653-A022-8817F7E7FC98}
		{85493FFF-FB46-43B0-BC4A-D5BB362CFB72} = {B113A3FA-521D-4653-A022-8817F7E7FC98}
		{90DA9497-4945-433D-953C-8894891DF80A} = {B113A3FA-521D-4653-A022-8817F7E7FC98}
		{4F4B38DF-2F71-4F66-A780-8789C781624C} = {B113A3FA-521D-4653-A022-8817F7E7FC98}
		{2B250B9B-EABA-496D-8A5F-B225E33A3E17} = {90FD3DEA-CF2F-436B-8AD0-E8808191A185}
		{FAC6A71B-2D1C-4762-B528-95D6BBA51DCD} = {90FD3DEA-CF2F-436B-8AD0-E8808191A185}
		{613A7255-BB53-4A7E-B5F4-2D5E802B3762} = {90FD3DEA-CF2F-436B-8AD0-E8808191A185}
		{40662E53-3F15-4946-84E9-CF43CB0A3205} = {90FD3DEA-CF2F-436B-8AD0-E8808191A185}
		{C62386D7-A5A9-4797-B95A-C5BDB0DCA48F} = {90FD3DEA-CF2F-436B-8AD0-E8808191A185}
		{792C3947-EAF2-4F96-9C28-F1A5311D4DBF} = {90FD3DEA-CF2F-436B-8AD0-E8808191A185}
		{26441983-B6A5-4ABB-8752-D1B001CEB560} = {90FD3DEA-CF2F-436B-8AD0-E8808191A185}
		{CC407A33-A346-4C28-90A0-D67C91BE0CD2} = {90FD3DEA-CF2F-436B-8AD0-E8808191A185}
		{307C53EA-1EC0-40C8-895D-D40F75CC0282} = {90FD3DEA-CF2F-436B-8AD0-E8808191A185}
		{2E1D26A1-FCC7-4345-B3E3-037661E29B4C} = {90FD3DEA-CF2F-436B-8AD0-E8808191A185}
		{DAEC8C37-2CC0-4A90-BDA6-D6C830D7A9A3} = {90FD3DEA-CF2F-436B-8AD0-E8808191A185}
		{815EE71C-0FAC-47A1-9729-DF20706395E4} = {90FD3DEA-CF2F-436B-8AD0-E8808191A185}
		{D72F506F-8893-4154-9BB8-FD66715EAB31} = {03AFC4DD-D861-4997-931B-D8519CB75B10}
		{38DEF2A9-9749-4084-84C1-DF005E2912ED} = {03AFC4DD-D861-4997-931B-D8519CB75B10}
		{F762A6BC-188B-433E-9B83-A5324FDC8410} = {03AFC4DD-D861-4997-931B-D8519CB75B10}
		{BF61ED12-8657-45EF-87BD-90EF5362DAA6} = {03AFC4DD-D861-4997-931B-D8519CB75B10}
		{C433D5E9-AA39-4608-BDB8-6AB7AA6BB262} = {03AFC4DD-D861-4997-931B-D8519CB75B10}
		{EB254EEB-BD69-4109-95C1-A62EDDD5DCA2} = {03AFC4DD-D861-4997-931B-D8519CB75B10}
		{C4025B49-33E1-40EE-9273-16CBE07E9962} = {03AFC4DD-D861-4997-931B-D8519CB75B10}
		{045ADB72-81E0-465B-86E1-6E84FDFD1653} = {03AFC4DD-D861-4997-931B-D8519CB75B10}
	EndGlobalSection
	GlobalSection(ExtensibilityGlobals) = postSolution
		SolutionGuid = {73ADDE35-B19F-402B-B1FE-417D5D989F20}
	EndGlobalSection
EndGlobal
